
Microsoft Visual Studio Solution File, Format Version 12.00
# Visual Studio Version 16
VisualStudioVersion = 16.0.29001.49
MinimumVisualStudioVersion = 10.0.40219.1
Project("{8BC9CEB8-8B4A-11D0-8D11-00A0C91BC942}") = "Ticket Algorithm", "Ticket Algorithm\Ticket Algorithm.vcxproj", "{C77BD6B3-D502-45B9-9CB7-BD651BEEF3E2}"
EndProject
Global
	GlobalSection(SolutionConfigurationPlatforms) = preSolution
		Debug|x64 = Debug|x64
		Debug|x86 = Debug|x86
		Release|x64 = Release|x64
		Release|x86 = Release|x86
	EndGlobalSection
	GlobalSection(ProjectConfigurationPlatforms) = postSolution
		{C77BD6B3-D502-45B9-9CB7-BD651BEEF3E2}.Debug|x64.ActiveCfg = Debug|x64
		{C77BD6B3-D502-45B9-9CB7-BD651BEEF3E2}.Debug|x64.Build.0 = Debug|x64
		{C77BD6B3-D502-45B9-9CB7-BD651BEEF3E2}.Debug|x86.ActiveCfg = Debug|Win32
		{C77BD6B3-D502-45B9-9CB7-BD651BEEF3E2}.Debug|x86.Build.0 = Debug|Win32
		{C77BD6B3-D502-45B9-9CB7-BD651BEEF3E2}.Release|x64.ActiveCfg = Release|x64
		{C77BD6B3-D502-45B9-9CB7-BD651BEEF3E2}.Release|x64.Build.0 = Release|x64
		{C77BD6B3-D502-45B9-9CB7-BD651BEEF3E2}.Release|x86.ActiveCfg = Release|Win32
		{C77BD6B3-D502-45B9-9CB7-BD651BEEF3E2}.Release|x86.Build.0 = Release|Win32
	EndGlobalSection
	GlobalSection(SolutionProperties) = preSolution
		HideSolutionNode = FALSE
	EndGlobalSection
	GlobalSection(ExtensibilityGlobals) = postSolution
		SolutionGuid = {0715B27C-C862-4802-86FB-A80A85A769C1}
	EndGlobalSection
EndGlobal
